
Microsoft Visual Studio Solution File, Format Version 12.00
Project("{2150E333-8FDC-42A3-9474-1A3956D46DE8}") = "src", "src", "{95B1608F-6E6B-42AE-8876-F41C99AC1472}"
EndProject
Project("{2150E333-8FDC-42A3-9474-1A3956D46DE8}") = "test", "test", "{A99C2084-69C5-41D3-8135-CFE336A3B003}"
EndProject
Project("{2150E333-8FDC-42A3-9474-1A3956D46DE8}") = "Application", "Application", "{8EB12A75-E1EC-43B2-A694-FC16F70BEA39}"
EndProject
Project("{2150E333-8FDC-42A3-9474-1A3956D46DE8}") = "Domain", "Domain", "{87BDD277-E019-4585-BB75-10FF1702AD7D}"
EndProject
Project("{2150E333-8FDC-42A3-9474-1A3956D46DE8}") = "Infrastructure", "Infrastructure", "{AB4FB8FA-E86F-4074-8F5C-05C8B676A618}"
EndProject
Project("{2150E333-8FDC-42A3-9474-1A3956D46DE8}") = "Api", "Api", "{B47B5B5B-EA9E-4D78-B16C-25D0DEE7A07E}"
EndProject
Project("{FAE04EC0-301F-11D3-BF4B-00C04F79EFBC}") = "Ecommerce.Product.Api", "src\Api\Ecommerce.Product.Api\Ecommerce.Product.Api.csproj", "{CBF257FB-E651-409E-898D-1442EB7E3ABF}"
EndProject
Project("{FAE04EC0-301F-11D3-BF4B-00C04F79EFBC}") = "Ecommerce.Product.Application", "src\Application\Ecommerce.Product.Application\Ecommerce.Product.Application.csproj", "{C91D55E8-4A85-46F2-94E7-DF9CA8B7A01B}"
EndProject
Project("{FAE04EC0-301F-11D3-BF4B-00C04F79EFBC}") = "Ecommerce.Product.Domain", "src\Domain\Ecommerce.Product.Domain\Ecommerce.Product.Domain.csproj", "{37A931C9-2937-4187-B785-91C6D18AFD8E}"
EndProject
Project("{FAE04EC0-301F-11D3-BF4B-00C04F79EFBC}") = "Ecommerce.Product.Infrastructure", "src\Infrastructure\Ecommerce.Product.Infrastructure\Ecommerce.Product.Infrastructure.csproj", "{9283DD71-7D48-415F-9E66-570A2315D0C1}"
EndProject
Project("{FAE04EC0-301F-11D3-BF4B-00C04F79EFBC}") = "Ecommerce.Product.Test", "test\Ecommerce.Product.Test\Ecommerce.Product.Test.csproj", "{9B05B4EC-CAAF-409B-B8E0-B2022B169C54}"
EndProject
Global
	GlobalSection(SolutionConfigurationPlatforms) = preSolution
		Debug|Any CPU = Debug|Any CPU
		Release|Any CPU = Release|Any CPU
	EndGlobalSection
	GlobalSection(NestedProjects) = preSolution
		{8EB12A75-E1EC-43B2-A694-FC16F70BEA39} = {95B1608F-6E6B-42AE-8876-F41C99AC1472}
		{87BDD277-E019-4585-BB75-10FF1702AD7D} = {95B1608F-6E6B-42AE-8876-F41C99AC1472}
		{AB4FB8FA-E86F-4074-8F5C-05C8B676A618} = {95B1608F-6E6B-42AE-8876-F41C99AC1472}
		{B47B5B5B-EA9E-4D78-B16C-25D0DEE7A07E} = {95B1608F-6E6B-42AE-8876-F41C99AC1472}
		{CBF257FB-E651-409E-898D-1442EB7E3ABF} = {B47B5B5B-EA9E-4D78-B16C-25D0DEE7A07E}
		{C91D55E8-4A85-46F2-94E7-DF9CA8B7A01B} = {8EB12A75-E1EC-43B2-A694-FC16F70BEA39}
		{37A931C9-2937-4187-B785-91C6D18AFD8E} = {87BDD277-E019-4585-BB75-10FF1702AD7D}
		{9283DD71-7D48-415F-9E66-570A2315D0C1} = {AB4FB8FA-E86F-4074-8F5C-05C8B676A618}
		{9B05B4EC-CAAF-409B-B8E0-B2022B169C54} = {A99C2084-69C5-41D3-8135-CFE336A3B003}
	EndGlobalSection
	GlobalSection(ProjectConfigurationPlatforms) = postSolution
		{CBF257FB-E651-409E-898D-1442EB7E3ABF}.Debug|Any CPU.ActiveCfg = Debug|Any CPU
		{CBF257FB-E651-409E-898D-1442EB7E3ABF}.Debug|Any CPU.Build.0 = Debug|Any CPU
		{CBF257FB-E651-409E-898D-1442EB7E3ABF}.Release|Any CPU.ActiveCfg = Release|Any CPU
		{CBF257FB-E651-409E-898D-1442EB7E3ABF}.Release|Any CPU.Build.0 = Release|Any CPU
		{C91D55E8-4A85-46F2-94E7-DF9CA8B7A01B}.Debug|Any CPU.ActiveCfg = Debug|Any CPU
		{C91D55E8-4A85-46F2-94E7-DF9CA8B7A01B}.Debug|Any CPU.Build.0 = Debug|Any CPU
		{C91D55E8-4A85-46F2-94E7-DF9CA8B7A01B}.Release|Any CPU.ActiveCfg = Release|Any CPU
		{C91D55E8-4A85-46F2-94E7-DF9CA8B7A01B}.Release|Any CPU.Build.0 = Release|Any CPU
		{37A931C9-2937-4187-B785-91C6D18AFD8E}.Debug|Any CPU.ActiveCfg = Debug|Any CPU
		{37A931C9-2937-4187-B785-91C6D18AFD8E}.Debug|Any CPU.Build.0 = Debug|Any CPU
		{37A931C9-2937-4187-B785-91C6D18AFD8E}.Release|Any CPU.ActiveCfg = Release|Any CPU
		{37A931C9-2937-4187-B785-91C6D18AFD8E}.Release|Any CPU.Build.0 = Release|Any CPU
		{9283DD71-7D48-415F-9E66-570A2315D0C1}.Debug|Any CPU.ActiveCfg = Debug|Any CPU
		{9283DD71-7D48-415F-9E66-570A2315D0C1}.Debug|Any CPU.Build.0 = Debug|Any CPU
		{9283DD71-7D48-415F-9E66-570A2315D0C1}.Release|Any CPU.ActiveCfg = Release|Any CPU
		{9283DD71-7D48-415F-9E66-570A2315D0C1}.Release|Any CPU.Build.0 = Release|Any CPU
		{9B05B4EC-CAAF-409B-B8E0-B2022B169C54}.Debug|Any CPU.ActiveCfg = Debug|Any CPU
		{9B05B4EC-CAAF-409B-B8E0-B2022B169C54}.Debug|Any CPU.Build.0 = Debug|Any CPU
		{9B05B4EC-CAAF-409B-B8E0-B2022B169C54}.Release|Any CPU.ActiveCfg = Release|Any CPU
		{9B05B4EC-CAAF-409B-B8E0-B2022B169C54}.Release|Any CPU.Build.0 = Release|Any CPU
	EndGlobalSection
EndGlobal
